
Microsoft Visual Studio Solution File, Format Version 12.00
Project("{FAE04EC0-301F-11D3-BF4B-00C04F79EFBC}") = "ProgrammingTechLesson9", "ProgrammingTechLesson9\ProgrammingTechLesson9.csproj", "{4531F65B-5BB2-4265-B96F-307DF9004D40}"
EndProject
Global
	GlobalSection(SolutionConfigurationPlatforms) = preSolution
		Debug|Any CPU = Debug|Any CPU
		Release|Any CPU = Release|Any CPU
	EndGlobalSection
	GlobalSection(ProjectConfigurationPlatforms) = postSolution
		{4531F65B-5BB2-4265-B96F-307DF9004D40}.Debug|Any CPU.ActiveCfg = Debug|Any CPU
		{4531F65B-5BB2-4265-B96F-307DF9004D40}.Debug|Any CPU.Build.0 = Debug|Any CPU
		{4531F65B-5BB2-4265-B96F-307DF9004D40}.Release|Any CPU.ActiveCfg = Release|Any CPU
		{4531F65B-5BB2-4265-B96F-307DF9004D40}.Release|Any CPU.Build.0 = Release|Any CPU
	EndGlobalSection
EndGlobal
